{
  "name": "tslox",
  "version": "1.0.0",
  "lockfileVersion": 2,
  "requires": true,
  "packages": {
    "": {
      "name": "tslox",
      "version": "1.0.0",
      "license": "ISC",
      "dependencies": {
        "read": "^3.0.0"
      },
      "devDependencies": {
        "@types/node": "^20.10.0",
        "typescript": "^5.3.2"
      }
    },
    "node_modules/@types/node": {
      "version": "20.10.0",
      "resolved": "https://registry.npmjs.org/@types/node/-/node-20.10.0.tgz",
      "integrity": "sha512-D0WfRmU9TQ8I9PFx9Yc+EBHw+vSpIub4IDvQivcp26PtPrdMGAq5SDcpXEo/epqa/DXotVpekHiLNTg3iaKXBQ==",
      "dev": true,
      "dependencies": {
        "undici-types": "~5.26.4"
      }
    },
    "node_modules/mute-stream": {
      "version": "1.0.0",
      "resolved": "https://registry.npmjs.org/mute-stream/-/mute-stream-1.0.0.tgz",
      "integrity": "sha512-avsJQhyd+680gKXyG/sQc0nXaC6rBkPOfyHYcFb9+hdkqQkR9bdnkJ0AMZhke0oesPqIO+mFFJ+IdBc7mst4IA==",
      "engines": {
        "node": "^14.17.0 || ^16.13.0 || >=18.0.0"
      }
    },
    "node_modules/read": {
      "version": "3.0.0",
      "resolved": "https://registry.npmjs.org/read/-/read-3.0.0.tgz",
      "integrity": "sha512-s50IKzrQhbA0jZM5DSanCtWkUXcBiH3u0FJcfhkJOhbpgQ99xt+A9vnCPyECLLvdnSEOtfxN/hTuB2wffMx/OA==",
      "dependencies": {
        "mute-stream": "^1.0.0"
      },
      "engines": {
        "node": "^14.17.0 || ^16.13.0 || >=18.0.0"
      }
    },
    "node_modules/typescript": {
      "version": "5.3.2",
      "resolved": "https://registry.npmjs.org/typescript/-/typescript-5.3.2.tgz",
      "integrity": "sha512-6l+RyNy7oAHDfxC4FzSJcz9vnjTKxrLpDG5M2Vu4SHRVNg6xzqZp6LYSR9zjqQTu8DU/f5xwxUdADOkbrIX2gQ==",
      "dev": true,
      "bin": {
        "tsc": "bin/tsc",
        "tsserver": "bin/tsserver"
      },
      "engines": {
        "node": ">=14.17"
      }
    },
    "node_modules/undici-types": {
      "version": "5.26.5",
      "resolved": "https://registry.npmjs.org/undici-types/-/undici-types-5.26.5.tgz",
      "integrity": "sha512-JlCMO+ehdEIKqlFxk6IfVoAUVmgz7cU7zD/h9XZ0qzeosSHmUJVOzSQvvYSYWXkFXC+IfLKSIffhv0sVZup6pA==",
      "dev": true
    }
  },
  "dependencies": {
    "@types/node": {
      "version": "20.10.0",
      "resolved": "https://registry.npmjs.org/@types/node/-/node-20.10.0.tgz",
      "integrity": "sha512-D0WfRmU9TQ8I9PFx9Yc+EBHw+vSpIub4IDvQivcp26PtPrdMGAq5SDcpXEo/epqa/DXotVpekHiLNTg3iaKXBQ==",
      "dev": true,
      "requires": {
        "undici-types": "~5.26.4"
      }
    },
    "mute-stream": {
      "version": "1.0.0",
      "resolved": "https://registry.npmjs.org/mute-stream/-/mute-stream-1.0.0.tgz",
      "integrity": "sha512-avsJQhyd+680gKXyG/sQc0nXaC6rBkPOfyHYcFb9+hdkqQkR9bdnkJ0AMZhke0oesPqIO+mFFJ+IdBc7mst4IA=="
    },
    "read": {
      "version": "3.0.0",
      "resolved": "https://registry.npmjs.org/read/-/read-3.0.0.tgz",
      "integrity": "sha512-s50IKzrQhbA0jZM5DSanCtWkUXcBiH3u0FJcfhkJOhbpgQ99xt+A9vnCPyECLLvdnSEOtfxN/hTuB2wffMx/OA==",
      "requires": {
        "mute-stream": "^1.0.0"
      }
    },
    "typescript": {
      "version": "5.3.2",
      "resolved": "https://registry.npmjs.org/typescript/-/typescript-5.3.2.tgz",
      "integrity": "sha512-6l+RyNy7oAHDfxC4FzSJcz9vnjTKxrLpDG5M2Vu4SHRVNg6xzqZp6LYSR9zjqQTu8DU/f5xwxUdADOkbrIX2gQ==",
      "dev": true
    },
    "undici-types": {
      "version": "5.26.5",
      "resolved": "https://registry.npmjs.org/undici-types/-/undici-types-5.26.5.tgz",
      "integrity": "sha512-JlCMO+ehdEIKqlFxk6IfVoAUVmgz7cU7zD/h9XZ0qzeosSHmUJVOzSQvvYSYWXkFXC+IfLKSIffhv0sVZup6pA==",
      "dev": true
    }
  }
}
